// !$*UTF8*$!
{
	archiveVersion = 1;
	classes = {
	};
	objectVersion = 46;
	objects = {

/* Begin PBXBuildFile section */
		F4D3E39017A1669000CB4D56 /* main.cpp in Sources */ = {isa = PBXBuildFile; fileRef = F4D3E38F17A1669000CB4D56 /* main.cpp */; };
		F4D3E39217A1669000CB4D56 /* chat_server.1 in CopyFiles */ = {isa = PBXBuildFile; fileRef = F4D3E39117A1669000CB4D56 /* chat_server.1 */; };
		F4D3E47517A1A94300CB4D56 /* libwebsockets.a in Frameworks */ = {isa = PBXBuildFile; fileRef = F4D3E47417A1A94300CB4D56 /* libwebsockets.a */; };
/* End PBXBuildFile section */

/* Begin PBXCopyFilesBuildPhase section */
		F4D3E38A17A1669000CB4D56 /* CopyFiles */ = {
			isa = PBXCopyFilesBuildPhase;
			buildActionMask = 2147483647;
			dstPath = /usr/share/man/man1/;
			dstSubfolderSpec = 0;
			files = (
				F4D3E39217A1669000CB4D56 /* chat_server.1 in CopyFiles */,
			);
			runOnlyForDeploymentPostprocessing = 1;
		};
/* End PBXCopyFilesBuildPhase section */

/* Begin PBXFileReference section */
		F4D3E38C17A1669000CB4D56 /* chat_server */ = {isa = PBXFileReference; explicitFileType = "compiled.mach-o.executable"; includeInIndex = 0; path = chat_server; sourceTree = BUILT_PRODUCTS_DIR; };
		F4D3E38F17A1669000CB4D56 /* main.cpp */ = {isa = PBXFileReference; lastKnownFileType = sourcecode.cpp.cpp; path = main.cpp; sourceTree = "<group>"; };
		F4D3E39117A1669000CB4D56 /* chat_server.1 */ = {isa = PBXFileReference; lastKnownFileType = text.man; path = chat_server.1; sourceTree = "<group>"; };
		F4D3E47417A1A94300CB4D56 /* libwebsockets.a */ = {isa = PBXFileReference; lastKnownFileType = archive.ar; name = libwebsockets.a; path = ../../../../../libwebsockets/build/lib/libwebsockets.a; sourceTree = "<group>"; };
/* End PBXFileReference section */

/* Begin PBXFrameworksBuildPhase section */
		F4D3E38917A1669000CB4D56 /* Frameworks */ = {
			isa = PBXFrameworksBuildPhase;
			buildActionMask = 2147483647;
			files = (
				F4D3E47517A1A94300CB4D56 /* libwebsockets.a in Frameworks */,
			);
			runOnlyForDeploymentPostprocessing = 0;
		};
/* End PBXFrameworksBuildPhase section */

/* Begin PBXGroup section */
		F4D3E38317A1669000CB4D56 = {
			isa = PBXGroup;
			children = (
				F4D3E47417A1A94300CB4D56 /* libwebsockets.a */,
				F4D3E38E17A1669000CB4D56 /* chat_server */,
				F4D3E38D17A1669000CB4D56 /* Products */,
			);
			sourceTree = "<group>";
		};
		F4D3E38D17A1669000CB4D56 /* Products */ = {
			isa = PBXGroup;
			children = (
				F4D3E38C17A1669000CB4D56 /* chat_server */,
			);
			name = Products;
			sourceTree = "<group>";
		};
		F4D3E38E17A1669000CB4D56 /* chat_server */ = {
			isa = PBXGroup;
			children = (
				F4D3E38F17A1669000CB4D56 /* main.cpp */,
				F4D3E39117A1669000CB4D56 /* chat_server.1 */,
			);
			path = chat_server;
			sourceTree = "<group>";
		};
/* End PBXGroup section */

/* Begin PBXNativeTarget section */
		F4D3E38B17A1669000CB4D56 /* chat_server */ = {
			isa = PBXNativeTarget;
			buildConfigurationList = F4D3E39517A1669000CB4D56 /* Build configuration list for PBXNativeTarget "chat_server" */;
			buildPhases = (
				F4D3E38817A1669000CB4D56 /* Sources */,
				F4D3E38917A1669000CB4D56 /* Frameworks */,
				F4D3E38A17A1669000CB4D56 /* CopyFiles */,
			);
			buildRules = (
			);
			dependencies = (
			);
			name = chat_server;
			productName = chat_server;
			productReference = F4D3E38C17A1669000CB4D56 /* chat_server */;
			productType = "com.apple.product-type.tool";
		};
/* End PBXNativeTarget section */

/* Begin PBXProject section */
		F4D3E38417A1669000CB4D56 /* Project object */ = {
			isa = PBXProject;
			attributes = {
				LastUpgradeCheck = 0460;
				ORGANIZATIONNAME = "Shawn Campbell";
			};
			buildConfigurationList = F4D3E38717A1669000CB4D56 /* Build configuration list for PBXProject "chat_server" */;
			compatibilityVersion = "Xcode 3.2";
			developmentRegion = English;
			hasScannedForEncodings = 0;
			knownRegions = (
				en,
			);
			mainGroup = F4D3E38317A1669000CB4D56;
			productRefGroup = F4D3E38D17A1669000CB4D56 /* Products */;
			projectDirPath = "";
			projectRoot = "";
			targets = (
				F4D3E38B17A1669000CB4D56 /* chat_server */,
			);
		};
/* End PBXProject section */

/* Begin PBXSourcesBuildPhase section */
		F4D3E38817A1669000CB4D56 /* Sources */ = {
			isa = PBXSourcesBuildPhase;
			buildActionMask = 2147483647;
			files = (
				F4D3E39017A1669000CB4D56 /* main.cpp in Sources */,
			);
			runOnlyForDeploymentPostprocessing = 0;
		};
/* End PBXSourcesBuildPhase section */

/* Begin XCBuildConfiguration section */
		F4D3E39317A1669000CB4D56 /* Debug */ = {
			isa = XCBuildConfiguration;
			buildSettings = {
				ALWAYS_SEARCH_USER_PATHS = NO;
				ARCHS = "$(ARCHS_STANDARD_64_BIT)";
				CLANG_CXX_LANGUAGE_STANDARD = "gnu++0x";
				CLANG_CXX_LIBRARY = "libc++";
				CLANG_WARN_CONSTANT_CONVERSION = YES;
				CLANG_WARN_EMPTY_BODY = YES;
				CLANG_WARN_ENUM_CONVERSION = YES;
				CLANG_WARN_INT_CONVERSION = YES;
				CLANG_WARN__DUPLICATE_METHOD_MATCH = YES;
				COPY_PHASE_STRIP = NO;
				GCC_C_LANGUAGE_STANDARD = gnu99;
				GCC_DYNAMIC_NO_PIC = NO;
				GCC_ENABLE_OBJC_EXCEPTIONS = YES;
				GCC_OPTIMIZATION_LEVEL = 0;
				GCC_PREPROCESSOR_DEFINITIONS = (
					"DEBUG=1",
					"$(inherited)",
				);
				GCC_SYMBOLS_PRIVATE_EXTERN = NO;
				GCC_WARN_64_TO_32_BIT_CONVERSION = YES;
				GCC_WARN_ABOUT_RETURN_TYPE = YES;
				GCC_WARN_UNINITIALIZED_AUTOS = YES;
				GCC_WARN_UNUSED_VARIABLE = YES;
				MACOSX_DEPLOYMENT_TARGET = 10.8;
				ONLY_ACTIVE_ARCH = YES;
				SDKROOT = macosx;
			};
			name = Debug;
		};
		F4D3E39417A1669000CB4D56 /* Release */ = {
			isa = XCBuildConfiguration;
			buildSettings = {
				ALWAYS_SEARCH_USER_PATHS = NO;
				ARCHS = "$(ARCHS_STANDARD_64_BIT)";
				CLANG_CXX_LANGUAGE_STANDARD = "gnu++0x";
				CLANG_CXX_LIBRARY = "libc++";
				CLANG_WARN_CONSTANT_CONVERSION = YES;
				CLANG_WARN_EMPTY_BODY = YES;
				CLANG_WARN_ENUM_CONVERSION = YES;
				CLANG_WARN_INT_CONVERSION = YES;
				CLANG_WARN__DUPLICATE_METHOD_MATCH = YES;
				COPY_PHASE_STRIP = YES;
				DEBUG_INFORMATION_FORMAT = "dwarf-with-dsym";
				GCC_C_LANGUAGE_STANDARD = gnu99;
				GCC_ENABLE_OBJC_EXCEPTIONS = YES;
				GCC_WARN_64_TO_32_BIT_CONVERSION = YES;
				GCC_WARN_ABOUT_RETURN_TYPE = YES;
				GCC_WARN_UNINITIALIZED_AUTOS = YES;
				GCC_WARN_UNUSED_VARIABLE = YES;
				MACOSX_DEPLOYMENT_TARGET = 10.8;
				SDKROOT = macosx;
			};
			name = Release;
		};
		F4D3E39617A1669000CB4D56 /* Debug */ = {
			isa = XCBuildConfiguration;
			buildSettings = {
				LIBRARY_SEARCH_PATHS = (
					"$(inherited)",
					"\"$(SRCROOT)/../../../../../libwebsockets/build/lib\"",
				);
				PRODUCT_NAME = "$(TARGET_NAME)";
			};
			name = Debug;
		};
		F4D3E39717A1669000CB4D56 /* Release */ = {
			isa = XCBuildConfiguration;
			buildSettings = {
				LIBRARY_SEARCH_PATHS = (
					"$(inherited)",
					"\"$(SRCROOT)/../../../../../libwebsockets/build/lib\"",
				);
				PRODUCT_NAME = "$(TARGET_NAME)";
			};
			name = Release;
		};
/* End XCBuildConfiguration section */

/* Begin XCConfigurationList section */
		F4D3E38717A1669000CB4D56 /* Build configuration list for PBXProject "chat_server" */ = {
			isa = XCConfigurationList;
			buildConfigurations = (
				F4D3E39317A1669000CB4D56 /* Debug */,
				F4D3E39417A1669000CB4D56 /* Release */,
			);
			defaultConfigurationIsVisible = 0;
			defaultConfigurationName = Release;
		};
		F4D3E39517A1669000CB4D56 /* Build configuration list for PBXNativeTarget "chat_server" */ = {
			isa = XCConfigurationList;
			buildConfigurations = (
				F4D3E39617A1669000CB4D56 /* Debug */,
				F4D3E39717A1669000CB4D56 /* Release */,
			);
			defaultConfigurationIsVisible = 0;
		};
/* End XCConfigurationList section */
	};
	rootObject = F4D3E38417A1669000CB4D56 /* Project object */;
}
